{
  "name": "static",
  "lockfileVersion": 3,
  "requires": true,
  "packages": {
    "": {
      "dependencies": {
        "@xterm/addon-search": "^0.14.0",
        "@xterm/xterm": "^5.4.0"
      }
    },
    "node_modules/@xterm/addon-search": {
      "version": "0.14.0",
      "resolved": "https://registry.npmjs.org/@xterm/addon-search/-/addon-search-0.14.0.tgz",
      "integrity": "sha512-gyKIjC1c2bqxBevPmWlMWRsHqiufUgl3HjN3OYim6YPClqNRUlTab7l8aW8i3W83XzU9q0gmAfIOe4KDmo0GfQ==",
      "peerDependencies": {
        "@xterm/xterm": "^5.0.0"
      }
    },
    "node_modules/@xterm/xterm": {
      "version": "5.4.0",
      "resolved": "https://registry.npmjs.org/@xterm/xterm/-/xterm-5.4.0.tgz",
      "integrity": "sha512-GlyzcZZ7LJjhFevthHtikhiDIl8lnTSgol6eTM4aoSNLcuXu3OEhnbqdCVIjtIil3jjabf3gDtb1S8FGahsuEw=="
    }
  }
}
